
Microsoft Visual Studio Solution File, Format Version 12.00
# Visual Studio Version 16
VisualStudioVersion = 16.0.30621.155
MinimumVisualStudioVersion = 10.0.40219.1
Project("{FAE04EC0-301F-11D3-BF4B-00C04F79EFBC}") = "LR_19_2", "LR_19_2.csproj", "{628AF890-2E68-4F41-9DBB-F2C5F0D713D1}"
EndProject
Global
	GlobalSection(SolutionConfigurationPlatforms) = preSolution
		Debug|Any CPU = Debug|Any CPU
		Release|Any CPU = Release|Any CPU
	EndGlobalSection
	GlobalSection(ProjectConfigurationPlatforms) = postSolution
		{628AF890-2E68-4F41-9DBB-F2C5F0D713D1}.Debug|Any CPU.ActiveCfg = Debug|Any CPU
		{628AF890-2E68-4F41-9DBB-F2C5F0D713D1}.Debug|Any CPU.Build.0 = Debug|Any CPU
		{628AF890-2E68-4F41-9DBB-F2C5F0D713D1}.Release|Any CPU.ActiveCfg = Release|Any CPU
		{628AF890-2E68-4F41-9DBB-F2C5F0D713D1}.Release|Any CPU.Build.0 = Release|Any CPU
	EndGlobalSection
	GlobalSection(SolutionProperties) = preSolution
		HideSolutionNode = FALSE
	EndGlobalSection
	GlobalSection(ExtensibilityGlobals) = postSolution
		SolutionGuid = {A83F5945-9AEA-4914-9307-10851779EDD2}
	EndGlobalSection
EndGlobal
